// !$*UTF8*$!
{
	archiveVersion = 1;
	classes = {
	};
	objectVersion = 77;
	objects = {

/* Begin PBXBuildFile section */
		36DD2B052FB6000000D0AB61 /* WidgetKit.framework in Frameworks */ = {isa = PBXBuildFile; fileRef = 36DD2B032FB6000000D0AB61 /* WidgetKit.framework */; };
		36DD2B062FB6000000D0AB61 /* SwiftUI.framework in Frameworks */ = {isa = PBXBuildFile; fileRef = 36DD2B042FB6000000D0AB61 /* SwiftUI.framework */; };
		36DD2B072FB6000000D0AB61 /* RISE_RoutineTimerWidgetExtension.appex in Embed Foundation Extensions */ = {isa = PBXBuildFile; fileRef = 36DD2B022FB6000000D0AB61 /* RISE_RoutineTimerWidgetExtension.appex */; settings = {ATTRIBUTES = (RemoveHeadersOnCopy, ); }; };
/* End PBXBuildFile section */

/* Begin PBXContainerItemProxy section */
		36DD2A702FB57B2200D0AB00 /* PBXContainerItemProxy */ = {
			isa = PBXContainerItemProxy;
			containerPortal = 36DD2A4F2FB57B2100D0AB61 /* Project object */;
			proxyType = 1;
			remoteGlobalIDString = 36DD2A562FB57B2100D0AB61;
			remoteInfo = RISE_RoutineTimer;
		};
		36DD2B082FB6000000D0AB61 /* PBXContainerItemProxy */ = {
			isa = PBXContainerItemProxy;
			containerPortal = 36DD2A4F2FB57B2100D0AB61 /* Project object */;
			proxyType = 1;
			remoteGlobalIDString = 36DD2B012FB6000000D0AB61;
			remoteInfo = RISE_RoutineTimerWidgetExtension;
		};
/* End PBXContainerItemProxy section */

/* Begin PBXCopyFilesBuildPhase section */
		36DD2B0A2FB6000000D0AB61 /* Embed Foundation Extensions */ = {
			isa = PBXCopyFilesBuildPhase;
			buildActionMask = 2147483647;
			dstPath = "";
			dstSubfolderSpec = 13;
			files = (
				36DD2B072FB6000000D0AB61 /* RISE_RoutineTimerWidgetExtension.appex in Embed Foundation Extensions */,
			);
			name = "Embed Foundation Extensions";
			runOnlyForDeploymentPostprocessing = 0;
		};
/* End PBXCopyFilesBuildPhase section */

/* Begin PBXFileReference section */
		36DD2A572FB57B2100D0AB61 /* RISE_RoutineTimer.app */ = {isa = PBXFileReference; explicitFileType = wrapper.application; includeInIndex = 0; path = RISE_RoutineTimer.app; sourceTree = BUILT_PRODUCTS_DIR; };
		36DD2A702FB57B2200D0AB01 /* RISE_RoutineTimerTests.xctest */ = {isa = PBXFileReference; explicitFileType = wrapper.cfbundle; includeInIndex = 0; path = RISE_RoutineTimerTests.xctest; sourceTree = BUILT_PRODUCTS_DIR; };
		36DD2B022FB6000000D0AB61 /* RISE_RoutineTimerWidgetExtension.appex */ = {isa = PBXFileReference; explicitFileType = "wrapper.app-extension"; includeInIndex = 0; path = RISE_RoutineTimerWidgetExtension.appex; sourceTree = BUILT_PRODUCTS_DIR; };
		36DD2B032FB6000000D0AB61 /* WidgetKit.framework */ = {isa = PBXFileReference; lastKnownFileType = wrapper.framework; name = WidgetKit.framework; path = System/Library/Frameworks/WidgetKit.framework; sourceTree = SDKROOT; };
		36DD2B042FB6000000D0AB61 /* SwiftUI.framework */ = {isa = PBXFileReference; lastKnownFileType = wrapper.framework; name = SwiftUI.framework; path = System/Library/Frameworks/SwiftUI.framework; sourceTree = SDKROOT; };
/* End PBXFileReference section */

/* Begin PBXFileSystemSynchronizedBuildFileExceptionSet section */
		36DD2B0B2FB6000000D0AB61 /* Exceptions for "RISE_RoutineTimerWidget" folder in "RISE_RoutineTimerWidgetExtension" target */ = {
			isa = PBXFileSystemSynchronizedBuildFileExceptionSet;
			membershipExceptions = (
				Info.plist,
			);
			target = 36DD2B012FB6000000D0AB61 /* RISE_RoutineTimerWidgetExtension */;
		};
		36DD2B0C2FB6000000D0AB61 /* Exceptions for "RISE_RoutineTimerWidget" folder in "RISE_RoutineTimer" target */ = {
			isa = PBXFileSystemSynchronizedBuildFileExceptionSet;
			membershipExceptions = (
				RoutineActivityAttributes.swift,
			);
			target = 36DD2A562FB57B2100D0AB61 /* RISE_RoutineTimer */;
		};
/* End PBXFileSystemSynchronizedBuildFileExceptionSet section */

/* Begin PBXFileSystemSynchronizedRootGroup section */
		36DD2A592FB57B2100D0AB61 /* RISE_RoutineTimer */ = {
			isa = PBXFileSystemSynchronizedRootGroup;
			path = RISE_RoutineTimer;
			sourceTree = "<group>";
		};
		36DD2A702FB57B2200D0AB02 /* RISE_RoutineTimerTests */ = {
			isa = PBXFileSystemSynchronizedRootGroup;
			path = RISE_RoutineTimerTests;
			sourceTree = "<group>";
		};
		36DD2B0D2FB6000000D0AB61 /* RISE_RoutineTimerWidget */ = {
			isa = PBXFileSystemSynchronizedRootGroup;
			exceptions = (
				36DD2B0C2FB6000000D0AB61 /* Exceptions for "RISE_RoutineTimerWidget" folder in "RISE_RoutineTimer" target */,
				36DD2B0B2FB6000000D0AB61 /* Exceptions for "RISE_RoutineTimerWidget" folder in "RISE_RoutineTimerWidgetExtension" target */,
			);
			path = RISE_RoutineTimerWidget;
			sourceTree = "<group>";
		};
/* End PBXFileSystemSynchronizedRootGroup section */

/* Begin PBXFrameworksBuildPhase section */
		36DD2A542FB57B2100D0AB61 /* Frameworks */ = {
			isa = PBXFrameworksBuildPhase;
			buildActionMask = 2147483647;
			files = (
			);
			runOnlyForDeploymentPostprocessing = 0;
		};
		36DD2A702FB57B2200D0AB03 /* Frameworks */ = {
			isa = PBXFrameworksBuildPhase;
			buildActionMask = 2147483647;
			files = (
			);
			runOnlyForDeploymentPostprocessing = 0;
		};
		36DD2B102FB6000000D0AB61 /* Frameworks */ = {
			isa = PBXFrameworksBuildPhase;
			buildActionMask = 2147483647;
			files = (
				36DD2B052FB6000000D0AB61 /* WidgetKit.framework in Frameworks */,
				36DD2B062FB6000000D0AB61 /* SwiftUI.framework in Frameworks */,
			);
			runOnlyForDeploymentPostprocessing = 0;
		};
/* End PBXFrameworksBuildPhase section */

/* Begin PBXGroup section */
		36DD2A4E2FB57B2100D0AB61 = {
			isa = PBXGroup;
			children = (
				36DD2A592FB57B2100D0AB61 /* RISE_RoutineTimer */,
				36DD2A702FB57B2200D0AB02 /* RISE_RoutineTimerTests */,
				36DD2B0D2FB6000000D0AB61 /* RISE_RoutineTimerWidget */,
				36DD2B0E2FB6000000D0AB61 /* Frameworks */,
				36DD2A582FB57B2100D0AB61 /* Products */,
			);
			sourceTree = "<group>";
		};
		36DD2A582FB57B2100D0AB61 /* Products */ = {
			isa = PBXGroup;
			children = (
				36DD2A572FB57B2100D0AB61 /* RISE_RoutineTimer.app */,
				36DD2A702FB57B2200D0AB01 /* RISE_RoutineTimerTests.xctest */,
				36DD2B022FB6000000D0AB61 /* RISE_RoutineTimerWidgetExtension.appex */,
			);
			name = Products;
			sourceTree = "<group>";
		};
		36DD2B0E2FB6000000D0AB61 /* Frameworks */ = {
			isa = PBXGroup;
			children = (
				36DD2B032FB6000000D0AB61 /* WidgetKit.framework */,
				36DD2B042FB6000000D0AB61 /* SwiftUI.framework */,
			);
			name = Frameworks;
			sourceTree = "<group>";
		};
/* End PBXGroup section */

/* Begin PBXNativeTarget section */
		36DD2A562FB57B2100D0AB61 /* RISE_RoutineTimer */ = {
			isa = PBXNativeTarget;
			buildConfigurationList = 36DD2A642FB57B2200D0AB61 /* Build configuration list for PBXNativeTarget "RISE_RoutineTimer" */;
			buildPhases = (
				36DD2A532FB57B2100D0AB61 /* Sources */,
				36DD2A542FB57B2100D0AB61 /* Frameworks */,
				36DD2A552FB57B2100D0AB61 /* Resources */,
				36DD2B0A2FB6000000D0AB61 /* Embed Foundation Extensions */,
			);
			buildRules = (
			);
			dependencies = (
				36DD2B092FB6000000D0AB61 /* PBXTargetDependency */,
			);
			fileSystemSynchronizedGroups = (
				36DD2A592FB57B2100D0AB61 /* RISE_RoutineTimer */,
			);
			name = RISE_RoutineTimer;
			packageProductDependencies = (
			);
			productName = RISE_RoutineTimer;
			productReference = 36DD2A572FB57B2100D0AB61 /* RISE_RoutineTimer.app */;
			productType = "com.apple.product-type.application";
		};
		36DD2A702FB57B2200D0AB06 /* RISE_RoutineTimerTests */ = {
			isa = PBXNativeTarget;
			buildConfigurationList = 36DD2A702FB57B2200D0AB08 /* Build configuration list for PBXNativeTarget "RISE_RoutineTimerTests" */;
			buildPhases = (
				36DD2A702FB57B2200D0AB04 /* Sources */,
				36DD2A702FB57B2200D0AB03 /* Frameworks */,
				36DD2A702FB57B2200D0AB05 /* Resources */,
			);
			buildRules = (
			);
			dependencies = (
				36DD2A702FB57B2200D0AB07 /* PBXTargetDependency */,
			);
			fileSystemSynchronizedGroups = (
				36DD2A702FB57B2200D0AB02 /* RISE_RoutineTimerTests */,
			);
			name = RISE_RoutineTimerTests;
			packageProductDependencies = (
			);
			productName = RISE_RoutineTimerTests;
			productReference = 36DD2A702FB57B2200D0AB01 /* RISE_RoutineTimerTests.xctest */;
			productType = "com.apple.product-type.bundle.unit-test";
		};
		36DD2B012FB6000000D0AB61 /* RISE_RoutineTimerWidgetExtension */ = {
			isa = PBXNativeTarget;
			buildConfigurationList = 36DD2B122FB6000000D0AB61 /* Build configuration list for PBXNativeTarget "RISE_RoutineTimerWidgetExtension" */;
			buildPhases = (
				36DD2B0F2FB6000000D0AB61 /* Sources */,
				36DD2B102FB6000000D0AB61 /* Frameworks */,
				36DD2B112FB6000000D0AB61 /* Resources */,
			);
			buildRules = (
			);
			dependencies = (
			);
			fileSystemSynchronizedGroups = (
				36DD2B0D2FB6000000D0AB61 /* RISE_RoutineTimerWidget */,
			);
			name = RISE_RoutineTimerWidgetExtension;
			packageProductDependencies = (
			);
			productName = RISE_RoutineTimerWidgetExtension;
			productReference = 36DD2B022FB6000000D0AB61 /* RISE_RoutineTimerWidgetExtension.appex */;
			productType = "com.apple.product-type.app-extension";
		};
/* End PBXNativeTarget section */

/* Begin PBXProject section */
		36DD2A4F2FB57B2100D0AB61 /* Project object */ = {
			isa = PBXProject;
			attributes = {
				BuildIndependentTargetsInParallel = 1;
				LastSwiftUpdateCheck = 2650;
				LastUpgradeCheck = 2650;
				TargetAttributes = {
					36DD2A562FB57B2100D0AB61 = {
						CreatedOnToolsVersion = 26.5;
					};
					36DD2A702FB57B2200D0AB06 = {
						CreatedOnToolsVersion = 26.5;
						TestTargetID = 36DD2A562FB57B2100D0AB61;
					};
					36DD2B012FB6000000D0AB61 = {
						CreatedOnToolsVersion = 26.5;
					};
				};
			};
			buildConfigurationList = 36DD2A522FB57B2100D0AB61 /* Build configuration list for PBXProject "RISE_RoutineTimer" */;
			developmentRegion = en;
			hasScannedForEncodings = 0;
			knownRegions = (
				en,
				Base,
			);
			mainGroup = 36DD2A4E2FB57B2100D0AB61;
			minimizedProjectReferenceProxies = 1;
			preferredProjectObjectVersion = 77;
			productRefGroup = 36DD2A582FB57B2100D0AB61 /* Products */;
			projectDirPath = "";
			projectRoot = "";
			targets = (
				36DD2A562FB57B2100D0AB61 /* RISE_RoutineTimer */,
				36DD2A702FB57B2200D0AB06 /* RISE_RoutineTimerTests */,
				36DD2B012FB6000000D0AB61 /* RISE_RoutineTimerWidgetExtension */,
			);
		};
/* End PBXProject section */

/* Begin PBXResourcesBuildPhase section */
		36DD2A552FB57B2100D0AB61 /* Resources */ = {
			isa = PBXResourcesBuildPhase;
			buildActionMask = 2147483647;
			files = (
			);
			runOnlyForDeploymentPostprocessing = 0;
		};
		36DD2A702FB57B2200D0AB05 /* Resources */ = {
			isa = PBXResourcesBuildPhase;
			buildActionMask = 2147483647;
			files = (
			);
			runOnlyForDeploymentPostprocessing = 0;
		};
		36DD2B112FB6000000D0AB61 /* Resources */ = {
			isa = PBXResourcesBuildPhase;
			buildActionMask = 2147483647;
			files = (
			);
			runOnlyForDeploymentPostprocessing = 0;
		};
/* End PBXResourcesBuildPhase section */

/* Begin PBXSourcesBuildPhase section */
		36DD2A532FB57B2100D0AB61 /* Sources */ = {
			isa = PBXSourcesBuildPhase;
			buildActionMask = 2147483647;
			files = (
			);
			runOnlyForDeploymentPostprocessing = 0;
		};
		36DD2A702FB57B2200D0AB04 /* Sources */ = {
			isa = PBXSourcesBuildPhase;
			buildActionMask = 2147483647;
			files = (
			);
			runOnlyForDeploymentPostprocessing = 0;
		};
		36DD2B0F2FB6000000D0AB61 /* Sources */ = {
			isa = PBXSourcesBuildPhase;
			buildActionMask = 2147483647;
			files = (
			);
			runOnlyForDeploymentPostprocessing = 0;
		};
/* End PBXSourcesBuildPhase section */

/* Begin PBXTargetDependency section */
		36DD2A702FB57B2200D0AB07 /* PBXTargetDependency */ = {
			isa = PBXTargetDependency;
			target = 36DD2A562FB57B2100D0AB61 /* RISE_RoutineTimer */;
			targetProxy = 36DD2A702FB57B2200D0AB00 /* PBXContainerItemProxy */;
		};
		36DD2B092FB6000000D0AB61 /* PBXTargetDependency */ = {
			isa = PBXTargetDependency;
			target = 36DD2B012FB6000000D0AB61 /* RISE_RoutineTimerWidgetExtension */;
			targetProxy = 36DD2B082FB6000000D0AB61 /* PBXContainerItemProxy */;
		};
/* End PBXTargetDependency section */

/* Begin XCBuildConfiguration section */
		36DD2A622FB57B2200D0AB61 /* Debug */ = {
			isa = XCBuildConfiguration;
			buildSettings = {
				ALWAYS_SEARCH_USER_PATHS = NO;
				ASSETCATALOG_COMPILER_GENERATE_SWIFT_ASSET_SYMBOL_EXTENSIONS = YES;
				CLANG_ANALYZER_NONNULL = YES;
				CLANG_ANALYZER_NUMBER_OBJECT_CONVERSION = YES_AGGRESSIVE;
				CLANG_CXX_LANGUAGE_STANDARD = "gnu++20";
				CLANG_ENABLE_MODULES = YES;
				CLANG_ENABLE_OBJC_ARC = YES;
				CLANG_ENABLE_OBJC_WEAK = YES;
				CLANG_WARN_BLOCK_CAPTURE_AUTORELEASING = YES;
				CLANG_WARN_BOOL_CONVERSION = YES;
				CLANG_WARN_COMMA = YES;
				CLANG_WARN_CONSTANT_CONVERSION = YES;
				CLANG_WARN_DEPRECATED_OBJC_IMPLEMENTATIONS = YES;
				CLANG_WARN_DIRECT_OBJC_ISA_USAGE = YES_ERROR;
				CLANG_WARN_DOCUMENTATION_COMMENTS = YES;
				CLANG_WARN_EMPTY_BODY = YES;
				CLANG_WARN_ENUM_CONVERSION = YES;
				CLANG_WARN_INFINITE_RECURSION = YES;
				CLANG_WARN_INT_CONVERSION = YES;
				CLANG_WARN_NON_LITERAL_NULL_CONVERSION = YES;
				CLANG_WARN_OBJC_IMPLICIT_RETAIN_SELF = YES;
				CLANG_WARN_OBJC_LITERAL_CONVERSION = YES;
				CLANG_WARN_OBJC_ROOT_CLASS = YES_ERROR;
				CLANG_WARN_QUOTED_INCLUDE_IN_FRAMEWORK_HEADER = YES;
				CLANG_WARN_RANGE_LOOP_ANALYSIS = YES;
				CLANG_WARN_STRICT_PROTOTYPES = YES;
				CLANG_WARN_SUSPICIOUS_MOVE = YES;
				CLANG_WARN_UNGUARDED_AVAILABILITY = YES_AGGRESSIVE;
				CLANG_WARN_UNREACHABLE_CODE = YES;
				CLANG_WARN__DUPLICATE_METHOD_MATCH = YES;
				COPY_PHASE_STRIP = NO;
				DEBUG_INFORMATION_FORMAT = dwarf;
				DEVELOPMENT_TEAM = 7R387XZ2Y7;
				ENABLE_STRICT_OBJC_MSGSEND = YES;
				ENABLE_TESTABILITY = YES;
				ENABLE_USER_SCRIPT_SANDBOXING = YES;
				GCC_C_LANGUAGE_STANDARD = gnu17;
				GCC_DYNAMIC_NO_PIC = NO;
				GCC_NO_COMMON_BLOCKS = YES;
				GCC_OPTIMIZATION_LEVEL = 0;
				GCC_PREPROCESSOR_DEFINITIONS = (
					"DEBUG=1",
					"$(inherited)",
				);
				GCC_WARN_64_TO_32_BIT_CONVERSION = YES;
				GCC_WARN_ABOUT_RETURN_TYPE = YES_ERROR;
				GCC_WARN_UNDECLARED_SELECTOR = YES;
				GCC_WARN_UNINITIALIZED_AUTOS = YES_AGGRESSIVE;
				GCC_WARN_UNUSED_FUNCTION = YES;
				GCC_WARN_UNUSED_VARIABLE = YES;
				IPHONEOS_DEPLOYMENT_TARGET = 17.0;
				LOCALIZATION_PREFERS_STRING_CATALOGS = YES;
				MTL_ENABLE_DEBUG_INFO = INCLUDE_SOURCE;
				MTL_FAST_MATH = YES;
				ONLY_ACTIVE_ARCH = YES;
				SDKROOT = iphoneos;
				SWIFT_ACTIVE_COMPILATION_CONDITIONS = "DEBUG $(inherited)";
				SWIFT_OPTIMIZATION_LEVEL = "-Onone";
			};
			name = Debug;
		};
		36DD2A632FB57B2200D0AB61 /* Release */ = {
			isa = XCBuildConfiguration;
			buildSettings = {
				ALWAYS_SEARCH_USER_PATHS = NO;
				ASSETCATALOG_COMPILER_GENERATE_SWIFT_ASSET_SYMBOL_EXTENSIONS = YES;
				CLANG_ANALYZER_NONNULL = YES;
				CLANG_ANALYZER_NUMBER_OBJECT_CONVERSION = YES_AGGRESSIVE;
				CLANG_CXX_LANGUAGE_STANDARD = "gnu++20";
				CLANG_ENABLE_MODULES = YES;
				CLANG_ENABLE_OBJC_ARC = YES;
				CLANG_ENABLE_OBJC_WEAK = YES;
				CLANG_WARN_BLOCK_CAPTURE_AUTORELEASING = YES;
				CLANG_WARN_BOOL_CONVERSION = YES;
				CLANG_WARN_COMMA = YES;
				CLANG_WARN_CONSTANT_CONVERSION = YES;
				CLANG_WARN_DEPRECATED_OBJC_IMPLEMENTATIONS = YES;
				CLANG_WARN_DIRECT_OBJC_ISA_USAGE = YES_ERROR;
				CLANG_WARN_DOCUMENTATION_COMMENTS = YES;
				CLANG_WARN_EMPTY_BODY = YES;
				CLANG_WARN_ENUM_CONVERSION = YES;
				CLANG_WARN_INFINITE_RECURSION = YES;
				CLANG_WARN_INT_CONVERSION = YES;
				CLANG_WARN_NON_LITERAL_NULL_CONVERSION = YES;
				CLANG_WARN_OBJC_IMPLICIT_RETAIN_SELF = YES;
				CLANG_WARN_OBJC_LITERAL_CONVERSION = YES;
				CLANG_WARN_OBJC_ROOT_CLASS = YES_ERROR;
				CLANG_WARN_QUOTED_INCLUDE_IN_FRAMEWORK_HEADER = YES;
				CLANG_WARN_RANGE_LOOP_ANALYSIS = YES;
				CLANG_WARN_STRICT_PROTOTYPES = YES;
				CLANG_WARN_SUSPICIOUS_MOVE = YES;
				CLANG_WARN_UNGUARDED_AVAILABILITY = YES_AGGRESSIVE;
				CLANG_WARN_UNREACHABLE_CODE = YES;
				CLANG_WARN__DUPLICATE_METHOD_MATCH = YES;
				COPY_PHASE_STRIP = NO;
				DEBUG_INFORMATION_FORMAT = "dwarf-with-dsym";
				DEVELOPMENT_TEAM = 7R387XZ2Y7;
				ENABLE_NS_ASSERTIONS = NO;
				ENABLE_STRICT_OBJC_MSGSEND = YES;
				ENABLE_USER_SCRIPT_SANDBOXING = YES;
				GCC_C_LANGUAGE_STANDARD = gnu17;
				GCC_NO_COMMON_BLOCKS = YES;
				GCC_WARN_64_TO_32_BIT_CONVERSION = YES;
				GCC_WARN_ABOUT_RETURN_TYPE = YES_ERROR;
				GCC_WARN_UNDECLARED_SELECTOR = YES;
				GCC_WARN_UNINITIALIZED_AUTOS = YES_AGGRESSIVE;
				GCC_WARN_UNUSED_FUNCTION = YES;
				GCC_WARN_UNUSED_VARIABLE = YES;
				IPHONEOS_DEPLOYMENT_TARGET = 17.0;
				LOCALIZATION_PREFERS_STRING_CATALOGS = YES;
				MTL_ENABLE_DEBUG_INFO = NO;
				MTL_FAST_MATH = YES;
				SDKROOT = iphoneos;
				SWIFT_COMPILATION_MODE = wholemodule;
				VALIDATE_PRODUCT = YES;
			};
			name = Release;
		};
		36DD2A652FB57B2200D0AB61 /* Debug */ = {
			isa = XCBuildConfiguration;
			buildSettings = {
				ASSETCATALOG_COMPILER_APPICON_NAME = AppIcon;
				ASSETCATALOG_COMPILER_GLOBAL_ACCENT_COLOR_NAME = AccentColor;
				CODE_SIGN_STYLE = Automatic;
				CURRENT_PROJECT_VERSION = 1;
				DEVELOPMENT_TEAM = 7R387XZ2Y7;
				ENABLE_PREVIEWS = YES;
				GENERATE_INFOPLIST_FILE = YES;
				INFOPLIST_KEY_CFBundleDisplayName = RISE;
				INFOPLIST_KEY_NSSupportsLiveActivities = YES;
				INFOPLIST_KEY_UIApplicationSceneManifest_Generation = YES;
				INFOPLIST_KEY_UIApplicationSupportsIndirectInputEvents = YES;
				INFOPLIST_KEY_UILaunchScreen_Generation = YES;
				INFOPLIST_KEY_UISupportedInterfaceOrientations_iPad = "UIInterfaceOrientationPortrait UIInterfaceOrientationPortraitUpsideDown UIInterfaceOrientationLandscapeLeft UIInterfaceOrientationLandscapeRight";
				INFOPLIST_KEY_UISupportedInterfaceOrientations_iPhone = UIInterfaceOrientationPortrait;
				INFOPLIST_KEY_UIUserInterfaceStyle = Light;
				LD_RUNPATH_SEARCH_PATHS = (
					"$(inherited)",
					"@executable_path/Frameworks",
				);
				MARKETING_VERSION = 1.0;
				PRODUCT_BUNDLE_IDENTIFIER = "com.betternorms.RISE-RoutineTimer";
				PRODUCT_NAME = "$(TARGET_NAME)";
				STRING_CATALOG_GENERATE_SYMBOLS = YES;
				SWIFT_APPROACHABLE_CONCURRENCY = YES;
				SWIFT_DEFAULT_ACTOR_ISOLATION = MainActor;
				SWIFT_EMIT_LOC_STRINGS = YES;
				SWIFT_UPCOMING_FEATURE_MEMBER_IMPORT_VISIBILITY = YES;
				SWIFT_VERSION = 5.0;
				TARGETED_DEVICE_FAMILY = "1,2";
			};
			name = Debug;
		};
		36DD2A662FB57B2200D0AB61 /* Release */ = {
			isa = XCBuildConfiguration;
			buildSettings = {
				ASSETCATALOG_COMPILER_APPICON_NAME = AppIcon;
				ASSETCATALOG_COMPILER_GLOBAL_ACCENT_COLOR_NAME = AccentColor;
				CODE_SIGN_STYLE = Automatic;
				CURRENT_PROJECT_VERSION = 1;
				DEVELOPMENT_TEAM = 7R387XZ2Y7;
				ENABLE_PREVIEWS = YES;
				GENERATE_INFOPLIST_FILE = YES;
				INFOPLIST_KEY_CFBundleDisplayName = RISE;
				INFOPLIST_KEY_NSSupportsLiveActivities = YES;
				INFOPLIST_KEY_UIApplicationSceneManifest_Generation = YES;
				INFOPLIST_KEY_UIApplicationSupportsIndirectInputEvents = YES;
				INFOPLIST_KEY_UILaunchScreen_Generation = YES;
				INFOPLIST_KEY_UISupportedInterfaceOrientations_iPad = "UIInterfaceOrientationPortrait UIInterfaceOrientationPortraitUpsideDown UIInterfaceOrientationLandscapeLeft UIInterfaceOrientationLandscapeRight";
				INFOPLIST_KEY_UISupportedInterfaceOrientations_iPhone = UIInterfaceOrientationPortrait;
				INFOPLIST_KEY_UIUserInterfaceStyle = Light;
				LD_RUNPATH_SEARCH_PATHS = (
					"$(inherited)",
					"@executable_path/Frameworks",
				);
				MARKETING_VERSION = 1.0;
				PRODUCT_BUNDLE_IDENTIFIER = "com.betternorms.RISE-RoutineTimer";
				PRODUCT_NAME = "$(TARGET_NAME)";
				STRING_CATALOG_GENERATE_SYMBOLS = YES;
				SWIFT_APPROACHABLE_CONCURRENCY = YES;
				SWIFT_DEFAULT_ACTOR_ISOLATION = MainActor;
				SWIFT_EMIT_LOC_STRINGS = YES;
				SWIFT_UPCOMING_FEATURE_MEMBER_IMPORT_VISIBILITY = YES;
				SWIFT_VERSION = 5.0;
				TARGETED_DEVICE_FAMILY = "1,2";
			};
			name = Release;
		};
		36DD2A702FB57B2200D0AB09 /* Debug */ = {
			isa = XCBuildConfiguration;
			buildSettings = {
				BUNDLE_LOADER = "$(TEST_HOST)";
				CODE_SIGN_STYLE = Automatic;
				CURRENT_PROJECT_VERSION = 1;
				DEVELOPMENT_TEAM = 7R387XZ2Y7;
				GENERATE_INFOPLIST_FILE = YES;
				MARKETING_VERSION = 1.0;
				PRODUCT_BUNDLE_IDENTIFIER = "com.betternorms.RISE-RoutineTimerTests";
				PRODUCT_NAME = "$(TARGET_NAME)";
				SWIFT_APPROACHABLE_CONCURRENCY = YES;
				SWIFT_DEFAULT_ACTOR_ISOLATION = MainActor;
				SWIFT_EMIT_LOC_STRINGS = NO;
				SWIFT_UPCOMING_FEATURE_MEMBER_IMPORT_VISIBILITY = YES;
				SWIFT_VERSION = 5.0;
				TARGETED_DEVICE_FAMILY = "1,2";
				TEST_HOST = "$(BUILT_PRODUCTS_DIR)/RISE_RoutineTimer.app/$(BUNDLE_EXECUTABLE_FOLDER_PATH)/RISE_RoutineTimer";
			};
			name = Debug;
		};
		36DD2A702FB57B2200D0AB0A /* Release */ = {
			isa = XCBuildConfiguration;
			buildSettings = {
				BUNDLE_LOADER = "$(TEST_HOST)";
				CODE_SIGN_STYLE = Automatic;
				CURRENT_PROJECT_VERSION = 1;
				DEVELOPMENT_TEAM = 7R387XZ2Y7;
				GENERATE_INFOPLIST_FILE = YES;
				MARKETING_VERSION = 1.0;
				PRODUCT_BUNDLE_IDENTIFIER = "com.betternorms.RISE-RoutineTimerTests";
				PRODUCT_NAME = "$(TARGET_NAME)";
				SWIFT_APPROACHABLE_CONCURRENCY = YES;
				SWIFT_DEFAULT_ACTOR_ISOLATION = MainActor;
				SWIFT_EMIT_LOC_STRINGS = NO;
				SWIFT_UPCOMING_FEATURE_MEMBER_IMPORT_VISIBILITY = YES;
				SWIFT_VERSION = 5.0;
				TARGETED_DEVICE_FAMILY = "1,2";
				TEST_HOST = "$(BUILT_PRODUCTS_DIR)/RISE_RoutineTimer.app/$(BUNDLE_EXECUTABLE_FOLDER_PATH)/RISE_RoutineTimer";
			};
			name = Release;
		};
		36DD2B132FB6000000D0AB61 /* Debug */ = {
			isa = XCBuildConfiguration;
			buildSettings = {
				CODE_SIGN_STYLE = Automatic;
				CURRENT_PROJECT_VERSION = 1;
				DEVELOPMENT_TEAM = 7R387XZ2Y7;
				GENERATE_INFOPLIST_FILE = YES;
				INFOPLIST_FILE = RISE_RoutineTimerWidget/Info.plist;
				INFOPLIST_KEY_CFBundleDisplayName = RISE;
				INFOPLIST_KEY_NSHumanReadableCopyright = "";
				LD_RUNPATH_SEARCH_PATHS = (
					"$(inherited)",
					"@executable_path/Frameworks",
					"@executable_path/../../Frameworks",
				);
				MARKETING_VERSION = 1.0;
				PRODUCT_BUNDLE_IDENTIFIER = "com.betternorms.RISE-RoutineTimer.Widget";
				PRODUCT_NAME = "$(TARGET_NAME)";
				SKIP_INSTALL = YES;
				STRING_CATALOG_GENERATE_SYMBOLS = YES;
				SWIFT_APPROACHABLE_CONCURRENCY = YES;
				SWIFT_EMIT_LOC_STRINGS = YES;
				SWIFT_UPCOMING_FEATURE_MEMBER_IMPORT_VISIBILITY = YES;
				SWIFT_VERSION = 5.0;
				TARGETED_DEVICE_FAMILY = "1,2";
			};
			name = Debug;
		};
		36DD2B142FB6000000D0AB61 /* Release */ = {
			isa = XCBuildConfiguration;
			buildSettings = {
				CODE_SIGN_STYLE = Automatic;
				CURRENT_PROJECT_VERSION = 1;
				DEVELOPMENT_TEAM = 7R387XZ2Y7;
				GENERATE_INFOPLIST_FILE = YES;
				INFOPLIST_FILE = RISE_RoutineTimerWidget/Info.plist;
				INFOPLIST_KEY_CFBundleDisplayName = RISE;
				INFOPLIST_KEY_NSHumanReadableCopyright = "";
				LD_RUNPATH_SEARCH_PATHS = (
					"$(inherited)",
					"@executable_path/Frameworks",
					"@executable_path/../../Frameworks",
				);
				MARKETING_VERSION = 1.0;
				PRODUCT_BUNDLE_IDENTIFIER = "com.betternorms.RISE-RoutineTimer.Widget";
				PRODUCT_NAME = "$(TARGET_NAME)";
				SKIP_INSTALL = YES;
				STRING_CATALOG_GENERATE_SYMBOLS = YES;
				SWIFT_APPROACHABLE_CONCURRENCY = YES;
				SWIFT_EMIT_LOC_STRINGS = YES;
				SWIFT_UPCOMING_FEATURE_MEMBER_IMPORT_VISIBILITY = YES;
				SWIFT_VERSION = 5.0;
				TARGETED_DEVICE_FAMILY = "1,2";
			};
			name = Release;
		};
/* End XCBuildConfiguration section */

/* Begin XCConfigurationList section */
		36DD2A522FB57B2100D0AB61 /* Build configuration list for PBXProject "RISE_RoutineTimer" */ = {
			isa = XCConfigurationList;
			buildConfigurations = (
				36DD2A622FB57B2200D0AB61 /* Debug */,
				36DD2A632FB57B2200D0AB61 /* Release */,
			);
			defaultConfigurationIsVisible = 0;
			defaultConfigurationName = Release;
		};
		36DD2A642FB57B2200D0AB61 /* Build configuration list for PBXNativeTarget "RISE_RoutineTimer" */ = {
			isa = XCConfigurationList;
			buildConfigurations = (
				36DD2A652FB57B2200D0AB61 /* Debug */,
				36DD2A662FB57B2200D0AB61 /* Release */,
			);
			defaultConfigurationIsVisible = 0;
			defaultConfigurationName = Release;
		};
		36DD2A702FB57B2200D0AB08 /* Build configuration list for PBXNativeTarget "RISE_RoutineTimerTests" */ = {
			isa = XCConfigurationList;
			buildConfigurations = (
				36DD2A702FB57B2200D0AB09 /* Debug */,
				36DD2A702FB57B2200D0AB0A /* Release */,
			);
			defaultConfigurationIsVisible = 0;
			defaultConfigurationName = Release;
		};
		36DD2B122FB6000000D0AB61 /* Build configuration list for PBXNativeTarget "RISE_RoutineTimerWidgetExtension" */ = {
			isa = XCConfigurationList;
			buildConfigurations = (
				36DD2B132FB6000000D0AB61 /* Debug */,
				36DD2B142FB6000000D0AB61 /* Release */,
			);
			defaultConfigurationIsVisible = 0;
			defaultConfigurationName = Release;
		};
/* End XCConfigurationList section */
	};
	rootObject = 36DD2A4F2FB57B2100D0AB61 /* Project object */;
}
